// !$*UTF8*$!
{
	archiveVersion = 1;
	classes = {
	};
	objectVersion = 56;
	objects = {

/* Begin PBXBuildFile section */
		2AE3B73DA57C6E68D97C2BA1 /* Pods_AFNetworkingDemo.framework in Frameworks */ = {isa = PBXBuildFile; fileRef = EADA2D6938524FEFAE0B9242 /* Pods_AFNetworkingDemo.framework */; };
		835B595429A3580400F6A4F3 /* AppDelegate.m in Sources */ = {isa = PBXBuildFile; fileRef = 835B595329A3580400F6A4F3 /* AppDelegate.m */; };
		835B595729A3580400F6A4F3 /* SceneDelegate.m in Sources */ = {isa = PBXBuildFile; fileRef = 835B595629A3580400F6A4F3 /* SceneDelegate.m */; };
		835B595A29A3580400F6A4F3 /* ViewController.m in Sources */ = {isa = PBXBuildFile; fileRef = 835B595929A3580400F6A4F3 /* ViewController.m */; };
		835B595D29A3580400F6A4F3 /* Main.storyboard in Resources */ = {isa = PBXBuildFile; fileRef = 835B595B29A3580400F6A4F3 /* Main.storyboard */; };
		835B595F29A3580600F6A4F3 /* Assets.xcassets in Resources */ = {isa = PBXBuildFile; fileRef = 835B595E29A3580600F6A4F3 /* Assets.xcassets */; };
		835B596229A3580600F6A4F3 /* LaunchScreen.storyboard in Resources */ = {isa = PBXBuildFile; fileRef = 835B596029A3580600F6A4F3 /* LaunchScreen.storyboard */; };
		835B596529A3580600F6A4F3 /* main.m in Sources */ = {isa = PBXBuildFile; fileRef = 835B596429A3580600F6A4F3 /* main.m */; };
		83C1C1B729A75772004F9A20 /* aps.cer in Resources */ = {isa = PBXBuildFile; fileRef = 83C1C1B629A75772004F9A20 /* aps.cer */; };
		83CB236C29A49ECD00053F8A /* AFDBaseSwizzleDemo.m in Sources */ = {isa = PBXBuildFile; fileRef = 83CB236B29A49ECD00053F8A /* AFDBaseSwizzleDemo.m */; };
		83CB236F29A49EE300053F8A /* AFDSubSwizzleDemo.m in Sources */ = {isa = PBXBuildFile; fileRef = 83CB236E29A49EE300053F8A /* AFDSubSwizzleDemo.m */; };
		83CB237229A4A49D00053F8A /* AFDSwizzlingDemo_.m in Sources */ = {isa = PBXBuildFile; fileRef = 83CB237129A4A49D00053F8A /* AFDSwizzlingDemo_.m */; };
		83E5DCF829ACDDB5000987A6 /* GlobalSign.cer in Resources */ = {isa = PBXBuildFile; fileRef = 83E5DCF629ACDDB5000987A6 /* GlobalSign.cer */; };
/* End PBXBuildFile section */

/* Begin PBXFileReference section */
		5AB29B47E3E80546D549A111 /* Pods-AFNetworkingDemo.debug.xcconfig */ = {isa = PBXFileReference; includeInIndex = 1; lastKnownFileType = text.xcconfig; name = "Pods-AFNetworkingDemo.debug.xcconfig"; path = "Target Support Files/Pods-AFNetworkingDemo/Pods-AFNetworkingDemo.debug.xcconfig"; sourceTree = "<group>"; };
		835B594F29A3580400F6A4F3 /* AFNetworkingDemo.app */ = {isa = PBXFileReference; explicitFileType = wrapper.application; includeInIndex = 0; path = AFNetworkingDemo.app; sourceTree = BUILT_PRODUCTS_DIR; };
		835B595229A3580400F6A4F3 /* AppDelegate.h */ = {isa = PBXFileReference; lastKnownFileType = sourcecode.c.h; path = AppDelegate.h; sourceTree = "<group>"; };
		835B595329A3580400F6A4F3 /* AppDelegate.m */ = {isa = PBXFileReference; lastKnownFileType = sourcecode.c.objc; path = AppDelegate.m; sourceTree = "<group>"; };
		835B595529A3580400F6A4F3 /* SceneDelegate.h */ = {isa = PBXFileReference; lastKnownFileType = sourcecode.c.h; path = SceneDelegate.h; sourceTree = "<group>"; };
		835B595629A3580400F6A4F3 /* SceneDelegate.m */ = {isa = PBXFileReference; lastKnownFileType = sourcecode.c.objc; path = SceneDelegate.m; sourceTree = "<group>"; };
		835B595829A3580400F6A4F3 /* ViewController.h */ = {isa = PBXFileReference; lastKnownFileType = sourcecode.c.h; path = ViewController.h; sourceTree = "<group>"; };
		835B595929A3580400F6A4F3 /* ViewController.m */ = {isa = PBXFileReference; lastKnownFileType = sourcecode.c.objc; path = ViewController.m; sourceTree = "<group>"; };
		835B595C29A3580400F6A4F3 /* Base */ = {isa = PBXFileReference; lastKnownFileType = file.storyboard; name = Base; path = Base.lproj/Main.storyboard; sourceTree = "<group>"; };
		835B595E29A3580600F6A4F3 /* Assets.xcassets */ = {isa = PBXFileReference; lastKnownFileType = folder.assetcatalog; path = Assets.xcassets; sourceTree = "<group>"; };
		835B596129A3580600F6A4F3 /* Base */ = {isa = PBXFileReference; lastKnownFileType = file.storyboard; name = Base; path = Base.lproj/LaunchScreen.storyboard; sourceTree = "<group>"; };
		835B596329A3580600F6A4F3 /* Info.plist */ = {isa = PBXFileReference; lastKnownFileType = text.plist.xml; path = Info.plist; sourceTree = "<group>"; };
		835B596429A3580600F6A4F3 /* main.m */ = {isa = PBXFileReference; lastKnownFileType = sourcecode.c.objc; path = main.m; sourceTree = "<group>"; };
		83C1C1B629A75772004F9A20 /* aps.cer */ = {isa = PBXFileReference; lastKnownFileType = file; path = aps.cer; sourceTree = "<group>"; };
		83CB236A29A49ECD00053F8A /* AFDBaseSwizzleDemo.h */ = {isa = PBXFileReference; lastKnownFileType = sourcecode.c.h; path = AFDBaseSwizzleDemo.h; sourceTree = "<group>"; };
		83CB236B29A49ECD00053F8A /* AFDBaseSwizzleDemo.m */ = {isa = PBXFileReference; lastKnownFileType = sourcecode.c.objc; path = AFDBaseSwizzleDemo.m; sourceTree = "<group>"; };
		83CB236D29A49EE300053F8A /* AFDSubSwizzleDemo.h */ = {isa = PBXFileReference; lastKnownFileType = sourcecode.c.h; path = AFDSubSwizzleDemo.h; sourceTree = "<group>"; };
		83CB236E29A49EE300053F8A /* AFDSubSwizzleDemo.m */ = {isa = PBXFileReference; lastKnownFileType = sourcecode.c.objc; path = AFDSubSwizzleDemo.m; sourceTree = "<group>"; };
		83CB237029A4A49D00053F8A /* AFDSwizzlingDemo_.h */ = {isa = PBXFileReference; lastKnownFileType = sourcecode.c.h; path = AFDSwizzlingDemo_.h; sourceTree = "<group>"; };
		83CB237129A4A49D00053F8A /* AFDSwizzlingDemo_.m */ = {isa = PBXFileReference; lastKnownFileType = sourcecode.c.objc; path = AFDSwizzlingDemo_.m; sourceTree = "<group>"; };
		83E5DCF629ACDDB5000987A6 /* GlobalSign.cer */ = {isa = PBXFileReference; lastKnownFileType = file; path = GlobalSign.cer; sourceTree = "<group>"; };
		AA5C1CDC1D682259F582D64E /* Pods-AFNetworkingDemo.release.xcconfig */ = {isa = PBXFileReference; includeInIndex = 1; lastKnownFileType = text.xcconfig; name = "Pods-AFNetworkingDemo.release.xcconfig"; path = "Target Support Files/Pods-AFNetworkingDemo/Pods-AFNetworkingDemo.release.xcconfig"; sourceTree = "<group>"; };
		EADA2D6938524FEFAE0B9242 /* Pods_AFNetworkingDemo.framework */ = {isa = PBXFileReference; explicitFileType = wrapper.framework; includeInIndex = 0; path = Pods_AFNetworkingDemo.framework; sourceTree = BUILT_PRODUCTS_DIR; };
/* End PBXFileReference section */

/* Begin PBXFrameworksBuildPhase section */
		835B594C29A3580400F6A4F3 /* Frameworks */ = {
			isa = PBXFrameworksBuildPhase;
			buildActionMask = 2147483647;
			files = (
				2AE3B73DA57C6E68D97C2BA1 /* Pods_AFNetworkingDemo.framework in Frameworks */,
			);
			runOnlyForDeploymentPostprocessing = 0;
		};
/* End PBXFrameworksBuildPhase section */

/* Begin PBXGroup section */
		50B65D474D893B96005A9534 /* Pods */ = {
			isa = PBXGroup;
			children = (
				5AB29B47E3E80546D549A111 /* Pods-AFNetworkingDemo.debug.xcconfig */,
				AA5C1CDC1D682259F582D64E /* Pods-AFNetworkingDemo.release.xcconfig */,
			);
			path = Pods;
			sourceTree = "<group>";
		};
		835B594629A3580400F6A4F3 = {
			isa = PBXGroup;
			children = (
				835B595129A3580400F6A4F3 /* AFNetworkingDemo */,
				835B595029A3580400F6A4F3 /* Products */,
				50B65D474D893B96005A9534 /* Pods */,
				BC3981E90E8ACDD53A9C9B14 /* Frameworks */,
			);
			sourceTree = "<group>";
		};
		835B595029A3580400F6A4F3 /* Products */ = {
			isa = PBXGroup;
			children = (
				835B594F29A3580400F6A4F3 /* AFNetworkingDemo.app */,
			);
			name = Products;
			sourceTree = "<group>";
		};
		835B595129A3580400F6A4F3 /* AFNetworkingDemo */ = {
			isa = PBXGroup;
			children = (
				83C1C1B529A75772004F9A20 /* Sources */,
				83CB236929A49E8500053F8A /* Class */,
				835B595229A3580400F6A4F3 /* AppDelegate.h */,
				835B595329A3580400F6A4F3 /* AppDelegate.m */,
				835B595529A3580400F6A4F3 /* SceneDelegate.h */,
				835B595629A3580400F6A4F3 /* SceneDelegate.m */,
				835B595829A3580400F6A4F3 /* ViewController.h */,
				835B595929A3580400F6A4F3 /* ViewController.m */,
				835B595B29A3580400F6A4F3 /* Main.storyboard */,
				835B595E29A3580600F6A4F3 /* Assets.xcassets */,
				835B596029A3580600F6A4F3 /* LaunchScreen.storyboard */,
				835B596329A3580600F6A4F3 /* Info.plist */,
				835B596429A3580600F6A4F3 /* main.m */,
			);
			path = AFNetworkingDemo;
			sourceTree = "<group>";
		};
		83C1C1B529A75772004F9A20 /* Sources */ = {
			isa = PBXGroup;
			children = (
				83E5DCF629ACDDB5000987A6 /* GlobalSign.cer */,
				83C1C1B629A75772004F9A20 /* aps.cer */,
			);
			path = Sources;
			sourceTree = "<group>";
		};
		83CB236929A49E8500053F8A /* Class */ = {
			isa = PBXGroup;
			children = (
				83CB236A29A49ECD00053F8A /* AFDBaseSwizzleDemo.h */,
				83CB236B29A49ECD00053F8A /* AFDBaseSwizzleDemo.m */,
				83CB236D29A49EE300053F8A /* AFDSubSwizzleDemo.h */,
				83CB236E29A49EE300053F8A /* AFDSubSwizzleDemo.m */,
				83CB237029A4A49D00053F8A /* AFDSwizzlingDemo_.h */,
				83CB237129A4A49D00053F8A /* AFDSwizzlingDemo_.m */,
			);
			path = Class;
			sourceTree = "<group>";
		};
		BC3981E90E8ACDD53A9C9B14 /* Frameworks */ = {
			isa = PBXGroup;
			children = (
				EADA2D6938524FEFAE0B9242 /* Pods_AFNetworkingDemo.framework */,
			);
			name = Frameworks;
			sourceTree = "<group>";
		};
/* End PBXGroup section */

/* Begin PBXNativeTarget section */
		835B594E29A3580400F6A4F3 /* AFNetworkingDemo */ = {
			isa = PBXNativeTarget;
			buildConfigurationList = 835B596829A3580600F6A4F3 /* Build configuration list for PBXNativeTarget "AFNetworkingDemo" */;
			buildPhases = (
				C49E2D8CC65557A9312A2CBA /* [CP] Check Pods Manifest.lock */,
				835B594B29A3580400F6A4F3 /* Sources */,
				835B594C29A3580400F6A4F3 /* Frameworks */,
				835B594D29A3580400F6A4F3 /* Resources */,
				17E3675C4806E730C1745F34 /* [CP] Embed Pods Frameworks */,
			);
			buildRules = (
			);
			dependencies = (
			);
			name = AFNetworkingDemo;
			productName = AFNetworkingDemo;
			productReference = 835B594F29A3580400F6A4F3 /* AFNetworkingDemo.app */;
			productType = "com.apple.product-type.application";
		};
/* End PBXNativeTarget section */

/* Begin PBXProject section */
		835B594729A3580400F6A4F3 /* Project object */ = {
			isa = PBXProject;
			attributes = {
				BuildIndependentTargetsInParallel = 1;
				LastUpgradeCheck = 1410;
				TargetAttributes = {
					835B594E29A3580400F6A4F3 = {
						CreatedOnToolsVersion = 14.1;
					};
				};
			};
			buildConfigurationList = 835B594A29A3580400F6A4F3 /* Build configuration list for PBXProject "AFNetworkingDemo" */;
			compatibilityVersion = "Xcode 14.0";
			developmentRegion = en;
			hasScannedForEncodings = 0;
			knownRegions = (
				en,
				Base,
			);
			mainGroup = 835B594629A3580400F6A4F3;
			productRefGroup = 835B595029A3580400F6A4F3 /* Products */;
			projectDirPath = "";
			projectRoot = "";
			targets = (
				835B594E29A3580400F6A4F3 /* AFNetworkingDemo */,
			);
		};
/* End PBXProject section */

/* Begin PBXResourcesBuildPhase section */
		835B594D29A3580400F6A4F3 /* Resources */ = {
			isa = PBXResourcesBuildPhase;
			buildActionMask = 2147483647;
			files = (
				835B596229A3580600F6A4F3 /* LaunchScreen.storyboard in Resources */,
				835B595F29A3580600F6A4F3 /* Assets.xcassets in Resources */,
				835B595D29A3580400F6A4F3 /* Main.storyboard in Resources */,
				83E5DCF829ACDDB5000987A6 /* GlobalSign.cer in Resources */,
				83C1C1B729A75772004F9A20 /* aps.cer in Resources */,
			);
			runOnlyForDeploymentPostprocessing = 0;
		};
/* End PBXResourcesBuildPhase section */

/* Begin PBXShellScriptBuildPhase section */
		17E3675C4806E730C1745F34 /* [CP] Embed Pods Frameworks */ = {
			isa = PBXShellScriptBuildPhase;
			buildActionMask = 2147483647;
			files = (
			);
			inputFileListPaths = (
				"${PODS_ROOT}/Target Support Files/Pods-AFNetworkingDemo/Pods-AFNetworkingDemo-frameworks-${CONFIGURATION}-input-files.xcfilelist",
			);
			name = "[CP] Embed Pods Frameworks";
			outputFileListPaths = (
				"${PODS_ROOT}/Target Support Files/Pods-AFNetworkingDemo/Pods-AFNetworkingDemo-frameworks-${CONFIGURATION}-output-files.xcfilelist",
			);
			runOnlyForDeploymentPostprocessing = 0;
			shellPath = /bin/sh;
			shellScript = "\"${PODS_ROOT}/Target Support Files/Pods-AFNetworkingDemo/Pods-AFNetworkingDemo-frameworks.sh\"\n";
			showEnvVarsInLog = 0;
		};
		C49E2D8CC65557A9312A2CBA /* [CP] Check Pods Manifest.lock */ = {
			isa = PBXShellScriptBuildPhase;
			buildActionMask = 2147483647;
			files = (
			);
			inputFileListPaths = (
			);
			inputPaths = (
				"${PODS_PODFILE_DIR_PATH}/Podfile.lock",
				"${PODS_ROOT}/Manifest.lock",
			);
			name = "[CP] Check Pods Manifest.lock";
			outputFileListPaths = (
			);
			outputPaths = (
				"$(DERIVED_FILE_DIR)/Pods-AFNetworkingDemo-checkManifestLockResult.txt",
			);
			runOnlyForDeploymentPostprocessing = 0;
			shellPath = /bin/sh;
			shellScript = "diff \"${PODS_PODFILE_DIR_PATH}/Podfile.lock\" \"${PODS_ROOT}/Manifest.lock\" > /dev/null\nif [ $? != 0 ] ; then\n    # print error to STDERR\n    echo \"error: The sandbox is not in sync with the Podfile.lock. Run 'pod install' or update your CocoaPods installation.\" >&2\n    exit 1\nfi\n# This output is used by Xcode 'outputs' to avoid re-running this script phase.\necho \"SUCCESS\" > \"${SCRIPT_OUTPUT_FILE_0}\"\n";
			showEnvVarsInLog = 0;
		};
/* End PBXShellScriptBuildPhase section */

/* Begin PBXSourcesBuildPhase section */
		835B594B29A3580400F6A4F3 /* Sources */ = {
			isa = PBXSourcesBuildPhase;
			buildActionMask = 2147483647;
			files = (
				83CB236C29A49ECD00053F8A /* AFDBaseSwizzleDemo.m in Sources */,
				835B595A29A3580400F6A4F3 /* ViewController.m in Sources */,
				83CB236F29A49EE300053F8A /* AFDSubSwizzleDemo.m in Sources */,
				835B595429A3580400F6A4F3 /* AppDelegate.m in Sources */,
				83CB237229A4A49D00053F8A /* AFDSwizzlingDemo_.m in Sources */,
				835B596529A3580600F6A4F3 /* main.m in Sources */,
				835B595729A3580400F6A4F3 /* SceneDelegate.m in Sources */,
			);
			runOnlyForDeploymentPostprocessing = 0;
		};
/* End PBXSourcesBuildPhase section */

/* Begin PBXVariantGroup section */
		835B595B29A3580400F6A4F3 /* Main.storyboard */ = {
			isa = PBXVariantGroup;
			children = (
				835B595C29A3580400F6A4F3 /* Base */,
			);
			name = Main.storyboard;
			sourceTree = "<group>";
		};
		835B596029A3580600F6A4F3 /* LaunchScreen.storyboard */ = {
			isa = PBXVariantGroup;
			children = (
				835B596129A3580600F6A4F3 /* Base */,
			);
			name = LaunchScreen.storyboard;
			sourceTree = "<group>";
		};
/* End PBXVariantGroup section */

/* Begin XCBuildConfiguration section */
		835B596629A3580600F6A4F3 /* Debug */ = {
			isa = XCBuildConfiguration;
			buildSettings = {
				ALWAYS_SEARCH_USER_PATHS = NO;
				CLANG_ANALYZER_NONNULL = YES;
				CLANG_ANALYZER_NUMBER_OBJECT_CONVERSION = YES_AGGRESSIVE;
				CLANG_CXX_LANGUAGE_STANDARD = "gnu++20";
				CLANG_ENABLE_MODULES = YES;
				CLANG_ENABLE_OBJC_ARC = YES;
				CLANG_ENABLE_OBJC_WEAK = YES;
				CLANG_WARN_BLOCK_CAPTURE_AUTORELEASING = YES;
				CLANG_WARN_BOOL_CONVERSION = YES;
				CLANG_WARN_COMMA = YES;
				CLANG_WARN_CONSTANT_CONVERSION = YES;
				CLANG_WARN_DEPRECATED_OBJC_IMPLEMENTATIONS = YES;
				CLANG_WARN_DIRECT_OBJC_ISA_USAGE = YES_ERROR;
				CLANG_WARN_DOCUMENTATION_COMMENTS = YES;
				CLANG_WARN_EMPTY_BODY = YES;
				CLANG_WARN_ENUM_CONVERSION = YES;
				CLANG_WARN_INFINITE_RECURSION = YES;
				CLANG_WARN_INT_CONVERSION = YES;
				CLANG_WARN_NON_LITERAL_NULL_CONVERSION = YES;
				CLANG_WARN_OBJC_IMPLICIT_RETAIN_SELF = YES;
				CLANG_WARN_OBJC_LITERAL_CONVERSION = YES;
				CLANG_WARN_OBJC_ROOT_CLASS = YES_ERROR;
				CLANG_WARN_QUOTED_INCLUDE_IN_FRAMEWORK_HEADER = YES;
				CLANG_WARN_RANGE_LOOP_ANALYSIS = YES;
				CLANG_WARN_STRICT_PROTOTYPES = YES;
				CLANG_WARN_SUSPICIOUS_MOVE = YES;
				CLANG_WARN_UNGUARDED_AVAILABILITY = YES_AGGRESSIVE;
				CLANG_WARN_UNREACHABLE_CODE = YES;
				CLANG_WARN__DUPLICATE_METHOD_MATCH = YES;
				COPY_PHASE_STRIP = NO;
				DEBUG_INFORMATION_FORMAT = dwarf;
				ENABLE_STRICT_OBJC_MSGSEND = YES;
				ENABLE_TESTABILITY = YES;
				GCC_C_LANGUAGE_STANDARD = gnu11;
				GCC_DYNAMIC_NO_PIC = NO;
				GCC_NO_COMMON_BLOCKS = YES;
				GCC_OPTIMIZATION_LEVEL = 0;
				GCC_PREPROCESSOR_DEFINITIONS = (
					"DEBUG=1",
					"$(inherited)",
				);
				GCC_WARN_64_TO_32_BIT_CONVERSION = YES;
				GCC_WARN_ABOUT_RETURN_TYPE = YES_ERROR;
				GCC_WARN_UNDECLARED_SELECTOR = YES;
				GCC_WARN_UNINITIALIZED_AUTOS = YES_AGGRESSIVE;
				GCC_WARN_UNUSED_FUNCTION = YES;
				GCC_WARN_UNUSED_VARIABLE = YES;
				IPHONEOS_DEPLOYMENT_TARGET = 16.1;
				MTL_ENABLE_DEBUG_INFO = INCLUDE_SOURCE;
				MTL_FAST_MATH = YES;
				ONLY_ACTIVE_ARCH = YES;
				SDKROOT = iphoneos;
			};
			name = Debug;
		};
		835B596729A3580600F6A4F3 /* Release */ = {
			isa = XCBuildConfiguration;
			buildSettings = {
				ALWAYS_SEARCH_USER_PATHS = NO;
				CLANG_ANALYZER_NONNULL = YES;
				CLANG_ANALYZER_NUMBER_OBJECT_CONVERSION = YES_AGGRESSIVE;
				CLANG_CXX_LANGUAGE_STANDARD = "gnu++20";
				CLANG_ENABLE_MODULES = YES;
				CLANG_ENABLE_OBJC_ARC = YES;
				CLANG_ENABLE_OBJC_WEAK = YES;
				CLANG_WARN_BLOCK_CAPTURE_AUTORELEASING = YES;
				CLANG_WARN_BOOL_CONVERSION = YES;
				CLANG_WARN_COMMA = YES;
				CLANG_WARN_CONSTANT_CONVERSION = YES;
				CLANG_WARN_DEPRECATED_OBJC_IMPLEMENTATIONS = YES;
				CLANG_WARN_DIRECT_OBJC_ISA_USAGE = YES_ERROR;
				CLANG_WARN_DOCUMENTATION_COMMENTS = YES;
				CLANG_WARN_EMPTY_BODY = YES;
				CLANG_WARN_ENUM_CONVERSION = YES;
				CLANG_WARN_INFINITE_RECURSION = YES;
				CLANG_WARN_INT_CONVERSION = YES;
				CLANG_WARN_NON_LITERAL_NULL_CONVERSION = YES;
				CLANG_WARN_OBJC_IMPLICIT_RETAIN_SELF = YES;
				CLANG_WARN_OBJC_LITERAL_CONVERSION = YES;
				CLANG_WARN_OBJC_ROOT_CLASS = YES_ERROR;
				CLANG_WARN_QUOTED_INCLUDE_IN_FRAMEWORK_HEADER = YES;
				CLANG_WARN_RANGE_LOOP_ANALYSIS = YES;
				CLANG_WARN_STRICT_PROTOTYPES = YES;
				CLANG_WARN_SUSPICIOUS_MOVE = YES;
				CLANG_WARN_UNGUARDED_AVAILABILITY = YES_AGGRESSIVE;
				CLANG_WARN_UNREACHABLE_CODE = YES;
				CLANG_WARN__DUPLICATE_METHOD_MATCH = YES;
				COPY_PHASE_STRIP = NO;
				DEBUG_INFORMATION_FORMAT = "dwarf-with-dsym";
				ENABLE_NS_ASSERTIONS = NO;
				ENABLE_STRICT_OBJC_MSGSEND = YES;
				GCC_C_LANGUAGE_STANDARD = gnu11;
				GCC_NO_COMMON_BLOCKS = YES;
				GCC_WARN_64_TO_32_BIT_CONVERSION = YES;
				GCC_WARN_ABOUT_RETURN_TYPE = YES_ERROR;
				GCC_WARN_UNDECLARED_SELECTOR = YES;
				GCC_WARN_UNINITIALIZED_AUTOS = YES_AGGRESSIVE;
				GCC_WARN_UNUSED_FUNCTION = YES;
				GCC_WARN_UNUSED_VARIABLE = YES;
				IPHONEOS_DEPLOYMENT_TARGET = 16.1;
				MTL_ENABLE_DEBUG_INFO = NO;
				MTL_FAST_MATH = YES;
				SDKROOT = iphoneos;
				VALIDATE_PRODUCT = YES;
			};
			name = Release;
		};
		835B596929A3580600F6A4F3 /* Debug */ = {
			isa = XCBuildConfiguration;
			baseConfigurationReference = 5AB29B47E3E80546D549A111 /* Pods-AFNetworkingDemo.debug.xcconfig */;
			buildSettings = {
				ASSETCATALOG_COMPILER_APPICON_NAME = AppIcon;
				ASSETCATALOG_COMPILER_GLOBAL_ACCENT_COLOR_NAME = AccentColor;
				CODE_SIGN_STYLE = Automatic;
				CURRENT_PROJECT_VERSION = 1;
				DEVELOPMENT_TEAM = A9625W4TDN;
				GENERATE_INFOPLIST_FILE = YES;
				INFOPLIST_FILE = AFNetworkingDemo/Info.plist;
				INFOPLIST_KEY_UIApplicationSupportsIndirectInputEvents = YES;
				INFOPLIST_KEY_UILaunchStoryboardName = LaunchScreen;
				INFOPLIST_KEY_UIMainStoryboardFile = Main;
				INFOPLIST_KEY_UISupportedInterfaceOrientations_iPad = "UIInterfaceOrientationPortrait UIInterfaceOrientationPortraitUpsideDown UIInterfaceOrientationLandscapeLeft UIInterfaceOrientationLandscapeRight";
				INFOPLIST_KEY_UISupportedInterfaceOrientations_iPhone = "UIInterfaceOrientationPortrait UIInterfaceOrientationLandscapeLeft UIInterfaceOrientationLandscapeRight";
				IPHONEOS_DEPLOYMENT_TARGET = 14.0;
				LD_RUNPATH_SEARCH_PATHS = (
					"$(inherited)",
					"@executable_path/Frameworks",
				);
				MARKETING_VERSION = 1.0;
				PRODUCT_BUNDLE_IDENTIFIER = huaweiluo.com.AFNetworkingDemo.AFNetworkingDemo;
				PRODUCT_NAME = "$(TARGET_NAME)";
				SWIFT_EMIT_LOC_STRINGS = YES;
				TARGETED_DEVICE_FAMILY = "1,2";
			};
			name = Debug;
		};
		835B596A29A3580600F6A4F3 /* Release */ = {
			isa = XCBuildConfiguration;
			baseConfigurationReference = AA5C1CDC1D682259F582D64E /* Pods-AFNetworkingDemo.release.xcconfig */;
			buildSettings = {
				ASSETCATALOG_COMPILER_APPICON_NAME = AppIcon;
				ASSETCATALOG_COMPILER_GLOBAL_ACCENT_COLOR_NAME = AccentColor;
				CODE_SIGN_STYLE = Automatic;
				CURRENT_PROJECT_VERSION = 1;
				DEVELOPMENT_TEAM = A9625W4TDN;
				GENERATE_INFOPLIST_FILE = YES;
				INFOPLIST_FILE = AFNetworkingDemo/Info.plist;
				INFOPLIST_KEY_UIApplicationSupportsIndirectInputEvents = YES;
				INFOPLIST_KEY_UILaunchStoryboardName = LaunchScreen;
				INFOPLIST_KEY_UIMainStoryboardFile = Main;
				INFOPLIST_KEY_UISupportedInterfaceOrientations_iPad = "UIInterfaceOrientationPortrait UIInterfaceOrientationPortraitUpsideDown UIInterfaceOrientationLandscapeLeft UIInterfaceOrientationLandscapeRight";
				INFOPLIST_KEY_UISupportedInterfaceOrientations_iPhone = "UIInterfaceOrientationPortrait UIInterfaceOrientationLandscapeLeft UIInterfaceOrientationLandscapeRight";
				IPHONEOS_DEPLOYMENT_TARGET = 14.0;
				LD_RUNPATH_SEARCH_PATHS = (
					"$(inherited)",
					"@executable_path/Frameworks",
				);
				MARKETING_VERSION = 1.0;
				PRODUCT_BUNDLE_IDENTIFIER = huaweiluo.com.AFNetworkingDemo.AFNetworkingDemo;
				PRODUCT_NAME = "$(TARGET_NAME)";
				SWIFT_EMIT_LOC_STRINGS = YES;
				TARGETED_DEVICE_FAMILY = "1,2";
			};
			name = Release;
		};
/* End XCBuildConfiguration section */

/* Begin XCConfigurationList section */
		835B594A29A3580400F6A4F3 /* Build configuration list for PBXProject "AFNetworkingDemo" */ = {
			isa = XCConfigurationList;
			buildConfigurations = (
				835B596629A3580600F6A4F3 /* Debug */,
				835B596729A3580600F6A4F3 /* Release */,
			);
			defaultConfigurationIsVisible = 0;
			defaultConfigurationName = Release;
		};
		835B596829A3580600F6A4F3 /* Build configuration list for PBXNativeTarget "AFNetworkingDemo" */ = {
			isa = XCConfigurationList;
			buildConfigurations = (
				835B596929A3580600F6A4F3 /* Debug */,
				835B596A29A3580600F6A4F3 /* Release */,
			);
			defaultConfigurationIsVisible = 0;
			defaultConfigurationName = Release;
		};
/* End XCConfigurationList section */
	};
	rootObject = 835B594729A3580400F6A4F3 /* Project object */;
}
